# This file is automatically @generated by Cargo.
# It is not intended for manual editing.
version = 4

[[package]]
name = "arkhe_bindu"
version = "0.1.0"

[[package]]
name = "arkhe_checkpoint"
version = "0.1.0"

[[package]]
name = "arkhe_kernel"
version = "0.1.0"

[[package]]
name = "arkhe_net"
version = "0.1.0"

[[package]]
name = "arkhe_nostr"
version = "0.1.0"

[[package]]
name = "arkhe_orchestrator"
version = "0.1.0"

[[package]]
name = "arkhe_passport"
version = "0.1.0"

[[package]]
name = "arkhe_pkg"
version = "0.1.0"

[[package]]
name = "arkhe_pqc"
version = "0.1.0"

[[package]]
name = "arkhe_sh"
version = "0.1.0"

[[package]]
name = "arkhe_vfs"
version = "0.1.0"

[[package]]
name = "arklib_rust"
version = "0.1.0"
